lockfileVersion: 5.4

specifiers:
  '@assemblyscript/wasi-shim': ^0.1.0
  '@types/jest': ^28.1.4
  assemblyscript: 0.25.0
  json-as: ^0.5.23
  typescript: 4.9.5
  visitor-as: ^0.11.4

dependencies:
  json-as: 0.5.23
  visitor-as: 0.11.4_assemblyscript@0.25.0

devDependencies:
  '@assemblyscript/wasi-shim': 0.1.0
  '@types/jest': 28.1.8
  assemblyscript: 0.25.0
  typescript: 4.9.5

packages:

  /@assemblyscript/wasi-shim/0.1.0:
    resolution: {integrity: sha512-fSLH7MdJHf2uDW5llA5VCF/CG62Jp2WkYGui9/3vIWs3jDhViGeQF7nMYLUjpigluM5fnq61I6obtCETy39FZw==}
    dev: true

  /@babel/code-frame/7.18.6:
    resolution: {integrity: sha512-TDCmlK5eOvH+eH7cdAFlNXeVJqWIQ7gW9tY1GJIpUtFb6CmjVyq2VM3u71bOyR8CRihcCgMUYoDNyLXao3+70Q==}
    engines: {node: '>=6.9.0'}
    dependencies:
      '@babel/highlight': 7.18.6
    dev: true

  /@babel/helper-validator-identifier/7.19.1:
    resolution: {integrity: sha512-awrNfaMtnHUr653GgGEs++LlAvW6w+DcPrOliSMXWCKo597CwL5Acf/wWdNkf/tfEQE3mjkeD1YOVZOUV/od1w==}
    engines: {node: '>=6.9.0'}
    dev: true

  /@babel/highlight/7.18.6:
    resolution: {integrity: sha512-u7stbOuYjaPezCuLj29hNW1v64M2Md2qupEKP1fHc7WdOA3DgLh37suiSrZYY7haUB7iBeQZ9P1uiRF359do3g==}
    engines: {node: '>=6.9.0'}
    dependencies:
      '@babel/helper-validator-identifier': 7.19.1
      chalk: 2.4.2
      js-tokens: 4.0.0
    dev: true

  /@jest/expect-utils/28.1.3:
    resolution: {integrity: sha512-wvbi9LUrHJLn3NlDW6wF2hvIMtd4JUl2QNVrjq+IBSHirgfrR3o9RnVtxzdEGO2n9JyIWwHnLfby5KzqBGg2YA==}
    engines: {node: ^12.13.0 || ^14.15.0 || ^16.10.0 || >=17.0.0}
    dependencies:
      jest-get-type: 28.0.2
    dev: true

  /@jest/schemas/28.1.3:
    resolution: {integrity: sha512-/l/VWsdt/aBXgjshLWOFyFt3IVdYypu5y2Wn2rOO1un6nkqIn8SLXzgIMYXFyYsRWDyF5EthmKJMIdJvk08grg==}
    engines: {node: ^12.13.0 || ^14.15.0 || ^16.10.0 || >=17.0.0}
    dependencies:
      '@sinclair/typebox': 0.24.51
    dev: true

  /@jest/types/28.1.3:
    resolution: {integrity: sha512-RyjiyMUZrKz/c+zlMFO1pm70DcIlST8AeWTkoUdZevew44wcNZQHsEVOiCVtgVnlFFD82FPaXycys58cf2muVQ==}
    engines: {node: ^12.13.0 || ^14.15.0 || ^16.10.0 || >=17.0.0}
    dependencies:
      '@jest/schemas': 28.1.3
      '@types/istanbul-lib-coverage': 2.0.4
      '@types/istanbul-reports': 3.0.1
      '@types/node': 18.14.0
      '@types/yargs': 17.0.22
      chalk: 4.1.2
    dev: true

  /@sinclair/typebox/0.24.51:
    resolution: {integrity: sha512-1P1OROm/rdubP5aFDSZQILU0vrLCJ4fvHt6EoqHEM+2D/G5MK3bIaymUKLit8Js9gbns5UyJnkP/TZROLw4tUA==}
    dev: true

  /@types/istanbul-lib-coverage/2.0.4:
    resolution: {integrity: sha512-z/QT1XN4K4KYuslS23k62yDIDLwLFkzxOuMplDtObz0+y7VqJCaO2o+SPwHCvLFZh7xazvvoor2tA/hPz9ee7g==}
    dev: true

  /@types/istanbul-lib-report/3.0.0:
    resolution: {integrity: sha512-plGgXAPfVKFoYfa9NpYDAkseG+g6Jr294RqeqcqDixSbU34MZVJRi/P+7Y8GDpzkEwLaGZZOpKIEmeVZNtKsrg==}
    dependencies:
      '@types/istanbul-lib-coverage': 2.0.4
    dev: true

  /@types/istanbul-reports/3.0.1:
    resolution: {integrity: sha512-c3mAZEuK0lvBp8tmuL74XRKn1+y2dcwOUpH7x4WrF6gk1GIgiluDRgMYQtw2OFcBvAJWlt6ASU3tSqxp0Uu0Aw==}
    dependencies:
      '@types/istanbul-lib-report': 3.0.0
    dev: true

  /@types/jest/28.1.8:
    resolution: {integrity: sha512-8TJkV++s7B6XqnDrzR1m/TT0A0h948Pnl/097veySPN67VRAgQ4gZ7n2KfJo2rVq6njQjdxU3GCCyDvAeuHoiw==}
    dependencies:
      expect: 28.1.3
      pretty-format: 28.1.3
    dev: true

  /@types/node/18.14.0:
    resolution: {integrity: sha512-5EWrvLmglK+imbCJY0+INViFWUHg1AHel1sq4ZVSfdcNqGy9Edv3UB9IIzzg+xPaUcAgZYcfVs2fBcwDeZzU0A==}
    dev: true

  /@types/stack-utils/2.0.1:
    resolution: {integrity: sha512-Hl219/BT5fLAaz6NDkSuhzasy49dwQS/DSdu4MdggFB8zcXv7vflBI3xp7FEmkmdDkBUI2bPUNeMttp2knYdxw==}
    dev: true

  /@types/yargs-parser/21.0.0:
    resolution: {integrity: sha512-iO9ZQHkZxHn4mSakYV0vFHAVDyEOIJQrV2uZ06HxEPcx+mt8swXoZHIbaaJ2crJYFfErySgktuTZ3BeLz+XmFA==}
    dev: true

  /@types/yargs/17.0.22:
    resolution: {integrity: sha512-pet5WJ9U8yPVRhkwuEIp5ktAeAqRZOq4UdAyWLWzxbtpyXnzbtLdKiXAjJzi/KLmPGS9wk86lUFWZFN6sISo4g==}
    dependencies:
      '@types/yargs-parser': 21.0.0
    dev: true

  /ansi-regex/5.0.1:
    resolution: {integrity: sha512-quJQXlTSUGL2LH9SUXo8VwsY4soanhgo6LNSm84E1LBcE8s3O0wpdiRzyR9z/ZZJMlMWv37qOOb9pdJlMUEKFQ==}
    engines: {node: '>=8'}
    dev: true

  /ansi-styles/3.2.1:
    resolution: {integrity: sha512-VT0ZI6kZRdTh8YyJw3SMbYm/u+NqfsAxEpWO0Pf9sq8/e94WxxOpPKx9FR1FlyCtOVDNOQ+8ntlqFxiRc+r5qA==}
    engines: {node: '>=4'}
    dependencies:
      color-convert: 1.9.3
    dev: true

  /ansi-styles/4.3.0:
    resolution: {integrity: sha512-zbB9rCJAT1rbjiVDb2hqKFHNYLxgtk8NURxZ3IZwD3F6NtxbXZQCnnSi1Lkx+IDohdPlFp222wVALIheZJQSEg==}
    engines: {node: '>=8'}
    dependencies:
      color-convert: 2.0.1
    dev: true

  /ansi-styles/5.2.0:
    resolution: {integrity: sha512-Cxwpt2SfTzTtXcfOlzGEee8O+c+MmUgGrNiBcXnuWxuFJHe6a5Hz7qwhwe5OgaSYI0IJvkLqWX1ASG+cJOkEiA==}
    engines: {node: '>=10'}
    dev: true

  /as-bignum/0.2.23:
    resolution: {integrity: sha512-0+GiwHNwyw0lXI+6uzOI6ReNOEsqKihdLJuOYJeqEOfXcIqwtSixLcQ7h9UQaMrroktW/Idmqj2TinpcWTxxJA==}
    dev: false

  /as-string-sink/0.5.3:
    resolution: {integrity: sha512-DN/QqfptDhi4FaBqehMN9wH5Dl/PcTSfCfzSmcdtf3OVYYIEip5iyVUcS6t40BAP/OoUwtxCCbD/dlr2kVG+3Q==}
    dev: false

  /as-variant/0.4.1:
    resolution: {integrity: sha512-NCeerOfp1JRXRcT4WCqOBANPoDTE2zqS4eN+jPtdyNWJybUgG/rX9ugUxICkSQZzCfnG84zzxr3osQbjAkyiww==}
    dev: false

  /assemblyscript/0.25.0:
    resolution: {integrity: sha512-amIamciuS/sk8a9Ou2PLKyHExIZZIU31mVPEoEISNGJS4ptxbNx27TaQHXrngaW2/AGkpNljWkkzlXUO5K+RHg==}
    engines: {node: '>=16.0.0', npm: '>=7.0.0'}
    hasBin: true
    dependencies:
      binaryen: 110.0.0-nightly.20221105
      long: 5.2.1

  /binaryen/110.0.0-nightly.20221105:
    resolution: {integrity: sha512-OBESOc51q3SwgG8Uv8nMzGnSq7LJpSB/Fu8B3AjlZg6YtCEwRnlDWlnwNB6mdql+VdexfKmNcsrs4K7MYidmdQ==}
    hasBin: true

  /braces/3.0.2:
    resolution: {integrity: sha512-b8um+L1RzM3WDSzvhm6gIz1yfTbBt6YTlcEKAvsmqCZZFw46z626lVj9j1yEPW33H5H+lBQpZMP1k8l+78Ha0A==}
    engines: {node: '>=8'}
    dependencies:
      fill-range: 7.0.1
    dev: true

  /chalk/2.4.2:
    resolution: {integrity: sha512-Mti+f9lpJNcwF4tWV8/OrTTtF1gZi+f8FqlyAdouralcFWFQWF2+NgCHShjkCb+IFBLq9buZwE1xckQU4peSuQ==}
    engines: {node: '>=4'}
    dependencies:
      ansi-styles: 3.2.1
      escape-string-regexp: 1.0.5
      supports-color: 5.5.0
    dev: true

  /chalk/4.1.2:
    resolution: {integrity: sha512-oKnbhFyRIXpUuez8iBMmyEa4nbj4IOQyuhc/wy9kY7/WVPcwIO9VA668Pu8RkO7+0G76SLROeyw9CpQ061i4mA==}
    engines: {node: '>=10'}
    dependencies:
      ansi-styles: 4.3.0
      supports-color: 7.2.0
    dev: true

  /ci-info/3.8.0:
    resolution: {integrity: sha512-eXTggHWSooYhq49F2opQhuHWgzucfF2YgODK4e1566GQs5BIfP30B0oenwBJHfWxAs2fyPB1s7Mg949zLf61Yw==}
    engines: {node: '>=8'}
    dev: true

  /color-convert/1.9.3:
    resolution: {integrity: sha512-QfAUtd+vFdAtFQcC8CCyYt1fYWxSqAiK2cSD6zDB8N3cpsEBAvRxp9zOGg6G/SHHJYAT88/az/IuDGALsNVbGg==}
    dependencies:
      color-name: 1.1.3
    dev: true

  /color-convert/2.0.1:
    resolution: {integrity: sha512-RRECPsj7iu/xb5oKYcsFHSppFNnsj/52OVTRKb4zP5onXwVF3zVmmToNcOfGC+CRDpfK/U584fMg38ZHCaElKQ==}
    engines: {node: '>=7.0.0'}
    dependencies:
      color-name: 1.1.4
    dev: true

  /color-name/1.1.3:
    resolution: {integrity: sha512-72fSenhMw2HZMTVHeCA9KCmpEIbzWiQsjN+BHcBbS9vr1mtt+vJjPdksIBNUmKAW8TFUDPJK5SUU3QhE9NEXDw==}
    dev: true

  /color-name/1.1.4:
    resolution: {integrity: sha512-dOy+3AuW3a2wNbZHIuMZpTcgjGuLU/uBL/ubcZF9OXbDo8ff4O8yVp5Bf0efS8uEoYo5q4Fx7dY9OgQGXgAsQA==}
    dev: true

  /diff-sequences/28.1.1:
    resolution: {integrity: sha512-FU0iFaH/E23a+a718l8Qa/19bF9p06kgE0KipMOMadwa3SjnaElKzPaUC0vnibs6/B/9ni97s61mcejk8W1fQw==}
    engines: {node: ^12.13.0 || ^14.15.0 || ^16.10.0 || >=17.0.0}
    dev: true

  /escape-string-regexp/1.0.5:
    resolution: {integrity: sha512-vbRorB5FUQWvla16U8R/qgaFIya2qGzwDrNmCZuYKrbdSUMG6I1ZCGQRefkRVhuOkIGVne7BQ35DSfo1qvJqFg==}
    engines: {node: '>=0.8.0'}
    dev: true

  /escape-string-regexp/2.0.0:
    resolution: {integrity: sha512-UpzcLCXolUWcNu5HtVMHYdXJjArjsF9C0aNnquZYY4uW/Vu0miy5YoWvbV345HauVvcAUnpRuhMMcqTcGOY2+w==}
    engines: {node: '>=8'}
    dev: true

  /expect/28.1.3:
    resolution: {integrity: sha512-eEh0xn8HlsuOBxFgIss+2mX85VAS4Qy3OSkjV7rlBWljtA4oWH37glVGyOZSZvErDT/yBywZdPGwCXuTvSG85g==}
    engines: {node: ^12.13.0 || ^14.15.0 || ^16.10.0 || >=17.0.0}
    dependencies:
      '@jest/expect-utils': 28.1.3
      jest-get-type: 28.0.2
      jest-matcher-utils: 28.1.3
      jest-message-util: 28.1.3
      jest-util: 28.1.3
    dev: true

  /fill-range/7.0.1:
    resolution: {integrity: sha512-qOo9F+dMUmC2Lcb4BbVvnKJxTPjCm+RRpe4gDuGrzkL7mEVl/djYSu2OdQ2Pa302N4oqkSg9ir6jaLWJ2USVpQ==}
    engines: {node: '>=8'}
    dependencies:
      to-regex-range: 5.0.1
    dev: true

  /graceful-fs/4.2.10:
    resolution: {integrity: sha512-9ByhssR2fPVsNZj478qUUbKfmL0+t5BDVyjShtyZZLiK7ZDAArFFfopyOTj0M05wE2tJPisA4iTnnXl2YoPvOA==}
    dev: true

  /has-flag/3.0.0:
    resolution: {integrity: sha512-sKJf1+ceQBr4SMkvQnBDNDtf4TXpVhVGateu0t918bl30FnbE2m4vNLX+VWe/dpjlb+HugGYzW7uQXH98HPEYw==}
    engines: {node: '>=4'}
    dev: true

  /has-flag/4.0.0:
    resolution: {integrity: sha512-EykJT/Q1KjTWctppgIAgfSO0tKVuZUjhgMr17kqTumMl6Afv3EISleU7qZUzoXDFTAHTDC4NOoG/ZxU3EvlMPQ==}
    engines: {node: '>=8'}
    dev: true

  /is-number/7.0.0:
    resolution: {integrity: sha512-41Cifkg6e8TylSpdtTpeLVMqvSBEVzTttHvERD741+pnZ8ANv0004MRL43QKPDlK9cGvNp6NZWZUBlbGXYxxng==}
    engines: {node: '>=0.12.0'}
    dev: true

  /jest-diff/28.1.3:
    resolution: {integrity: sha512-8RqP1B/OXzjjTWkqMX67iqgwBVJRgCyKD3L9nq+6ZqJMdvjE8RgHktqZ6jNrkdMT+dJuYNI3rhQpxaz7drJHfw==}
    engines: {node: ^12.13.0 || ^14.15.0 || ^16.10.0 || >=17.0.0}
    dependencies:
      chalk: 4.1.2
      diff-sequences: 28.1.1
      jest-get-type: 28.0.2
      pretty-format: 28.1.3
    dev: true

  /jest-get-type/28.0.2:
    resolution: {integrity: sha512-ioj2w9/DxSYHfOm5lJKCdcAmPJzQXmbM/Url3rhlghrPvT3tt+7a/+oXc9azkKmLvoiXjtV83bEWqi+vs5nlPA==}
    engines: {node: ^12.13.0 || ^14.15.0 || ^16.10.0 || >=17.0.0}
    dev: true

  /jest-matcher-utils/28.1.3:
    resolution: {integrity: sha512-kQeJ7qHemKfbzKoGjHHrRKH6atgxMk8Enkk2iPQ3XwO6oE/KYD8lMYOziCkeSB9G4adPM4nR1DE8Tf5JeWH6Bw==}
    engines: {node: ^12.13.0 || ^14.15.0 || ^16.10.0 || >=17.0.0}
    dependencies:
      chalk: 4.1.2
      jest-diff: 28.1.3
      jest-get-type: 28.0.2
      pretty-format: 28.1.3
    dev: true

  /jest-message-util/28.1.3:
    resolution: {integrity: sha512-PFdn9Iewbt575zKPf1286Ht9EPoJmYT7P0kY+RibeYZ2XtOr53pDLEFoTWXbd1h4JiGiWpTBC84fc8xMXQMb7g==}
    engines: {node: ^12.13.0 || ^14.15.0 || ^16.10.0 || >=17.0.0}
    dependencies:
      '@babel/code-frame': 7.18.6
      '@jest/types': 28.1.3
      '@types/stack-utils': 2.0.1
      chalk: 4.1.2
      graceful-fs: 4.2.10
      micromatch: 4.0.5
      pretty-format: 28.1.3
      slash: 3.0.0
      stack-utils: 2.0.6
    dev: true

  /jest-util/28.1.3:
    resolution: {integrity: sha512-XdqfpHwpcSRko/C35uLYFM2emRAltIIKZiJ9eAmhjsj0CqZMa0p1ib0R5fWIqGhn1a103DebTbpqIaP1qCQ6tQ==}
    engines: {node: ^12.13.0 || ^14.15.0 || ^16.10.0 || >=17.0.0}
    dependencies:
      '@jest/types': 28.1.3
      '@types/node': 18.14.0
      chalk: 4.1.2
      ci-info: 3.8.0
      graceful-fs: 4.2.10
      picomatch: 2.3.1
    dev: true

  /js-tokens/4.0.0:
    resolution: {integrity: sha512-RdJUflcE3cUzKiMqQgsCu06FPu9UdIJO0beYbPhHN4k6apgJtifcoCtT9bcxOpYBtpD2kCM6Sbzg4CausW/PKQ==}
    dev: true

  /json-as/0.5.23:
    resolution: {integrity: sha512-c436GO3wbKldpZoVlIAd8xvhXXluuzGCA/BZ4gfQJ9eEazL9v/6JswbE5Cl89AHdLSwnMAKUND5qced98T20qA==}
    dependencies:
      as-bignum: 0.2.23
      as-string-sink: 0.5.3
      as-variant: 0.4.1
    dev: false

  /lodash.clonedeep/4.5.0:
    resolution: {integrity: sha512-H5ZhCF25riFd9uB5UCkVKo61m3S/xZk1x4wA6yp/L3RFP6Z/eHH1ymQcGLo7J3GMPfm0V/7m1tryHuGVxpqEBQ==}
    dev: false

  /long/5.2.1:
    resolution: {integrity: sha512-GKSNGeNAtw8IryjjkhZxuKB3JzlcLTwjtiQCHKvqQet81I93kXslhDQruGI/QsddO83mcDToBVy7GqGS/zYf/A==}

  /micromatch/4.0.5:
    resolution: {integrity: sha512-DMy+ERcEW2q8Z2Po+WNXuw3c5YaUSFjAO5GsJqfEl7UjvtIuFKO6ZrKvcItdy98dwFI2N1tg3zNIdKaQT+aNdA==}
    engines: {node: '>=8.6'}
    dependencies:
      braces: 3.0.2
      picomatch: 2.3.1
    dev: true

  /picomatch/2.3.1:
    resolution: {integrity: sha512-JU3teHTNjmE2VCGFzuY8EXzCDVwEqB2a8fsIvwaStHhAWJEeVd1o1QD80CU6+ZdEXXSLbSsuLwJjkCBWqRQUVA==}
    engines: {node: '>=8.6'}
    dev: true

  /pretty-format/28.1.3:
    resolution: {integrity: sha512-8gFb/To0OmxHR9+ZTb14Df2vNxdGCX8g1xWGUTqUw5TiZvcQf5sHKObd5UcPyLLyowNwDAMTF3XWOG1B6mxl1Q==}
    engines: {node: ^12.13.0 || ^14.15.0 || ^16.10.0 || >=17.0.0}
    dependencies:
      '@jest/schemas': 28.1.3
      ansi-regex: 5.0.1
      ansi-styles: 5.2.0
      react-is: 18.2.0
    dev: true

  /react-is/18.2.0:
    resolution: {integrity: sha512-xWGDIW6x921xtzPkhiULtthJHoJvBbF3q26fzloPCK0hsvxtPVelvftw3zjbHWSkR2km9Z+4uxbDDK/6Zw9B8w==}
    dev: true

  /slash/3.0.0:
    resolution: {integrity: sha512-g9Q1haeby36OSStwb4ntCGGGaKsaVSjQ68fBxoQcutl5fS1vuY18H3wSt3jFyFtrkx+Kz0V1G85A4MyAdDMi2Q==}
    engines: {node: '>=8'}
    dev: true

  /stack-utils/2.0.6:
    resolution: {integrity: sha512-XlkWvfIm6RmsWtNJx+uqtKLS8eqFbxUg0ZzLXqY0caEy9l7hruX8IpiDnjsLavoBgqCCR71TqWO8MaXYheJ3RQ==}
    engines: {node: '>=10'}
    dependencies:
      escape-string-regexp: 2.0.0
    dev: true

  /supports-color/5.5.0:
    resolution: {integrity: sha512-QjVjwdXIt408MIiAqCX4oUKsgU2EqAGzs2Ppkm4aQYbjm+ZEWEcW4SfFNTr4uMNZma0ey4f5lgLrkB0aX0QMow==}
    engines: {node: '>=4'}
    dependencies:
      has-flag: 3.0.0
    dev: true

  /supports-color/7.2.0:
    resolution: {integrity: sha512-qpCAvRl9stuOHveKsn7HncJRvv501qIacKzQlO/+Lwxc9+0q2wLyv4Dfvt80/DPn2pqOBsJdDiogXGR9+OvwRw==}
    engines: {node: '>=8'}
    dependencies:
      has-flag: 4.0.0
    dev: true

  /to-regex-range/5.0.1:
    resolution: {integrity: sha512-65P7iz6X5yEr1cwcgvQxbbIw7Uk3gOy5dIdtZ4rDveLqhrdJP+Li/Hx6tyK0NEb+2GCyneCMJiGqrADCSNk8sQ==}
    engines: {node: '>=8.0'}
    dependencies:
      is-number: 7.0.0
    dev: true

  /ts-mixer/6.0.3:
    resolution: {integrity: sha512-k43M7uCG1AkTyxgnmI5MPwKoUvS/bRvLvUb7+Pgpdlmok8AoqmUaZxUUw8zKM5B1lqZrt41GjYgnvAi0fppqgQ==}
    dev: false

  /typescript/4.9.5:
    resolution: {integrity: sha512-1FXk9E2Hm+QzZQ7z+McJiHL4NW1F2EzMu9Nq9i3zAaGqibafqYwCVU6WyWAuyQRRzOlxou8xZSyXLEN8oKj24g==}
    engines: {node: '>=4.2.0'}
    hasBin: true
    dev: true

  /visitor-as/0.11.4_assemblyscript@0.25.0:
    resolution: {integrity: sha512-uih7AooY2V3LhzobjLqyEQzhYYBGeq0y/rZk295foM1Ko498f24NNXBDyM1SgzcLMFCAT/fpmSRco1BpTIdKNQ==}
    peerDependencies:
      assemblyscript: ^0.25.0
    dependencies:
      assemblyscript: 0.25.0
      lodash.clonedeep: 4.5.0
      ts-mixer: 6.0.3
    dev: false
